// !$*UTF8*$!
{
	archiveVersion = 1;
	classes = {
	};
	objectVersion = 50;
	objects = {

/* Begin PBXBuildFile section */
		D1BE51532175BFC400A8830F /* AppDelegate.swift in Sources */ = {isa = PBXBuildFile; fileRef = D1BE51522175BFC400A8830F /* AppDelegate.swift */; };
		D1BE51552175BFC400A8830F /* ViewController.swift in Sources */ = {isa = PBXBuildFile; fileRef = D1BE51542175BFC400A8830F /* ViewController.swift */; };
		D1BE51582175BFC400A8830F /* Main.storyboard in Resources */ = {isa = PBXBuildFile; fileRef = D1BE51562175BFC400A8830F /* Main.storyboard */; };
		D1BE515A2175BFC600A8830F /* Assets.xcassets in Resources */ = {isa = PBXBuildFile; fileRef = D1BE51592175BFC600A8830F /* Assets.xcassets */; };
		D1BE515D2175BFC600A8830F /* LaunchScreen.storyboard in Resources */ = {isa = PBXBuildFile; fileRef = D1BE515B2175BFC600A8830F /* LaunchScreen.storyboard */; };
		D1BE51682175BFC600A8830F /* ExampleTaskTests.swift in Sources */ = {isa = PBXBuildFile; fileRef = D1BE51672175BFC600A8830F /* ExampleTaskTests.swift */; };
		D1BE51732175BFC600A8830F /* ExampleTaskUITests.swift in Sources */ = {isa = PBXBuildFile; fileRef = D1BE51722175BFC600A8830F /* ExampleTaskUITests.swift */; };
/* End PBXBuildFile section */

/* Begin PBXContainerItemProxy section */
		D1BE51642175BFC600A8830F /* PBXContainerItemProxy */ = {
			isa = PBXContainerItemProxy;
			containerPortal = D1BE51472175BFC400A8830F /* Project object */;
			proxyType = 1;
			remoteGlobalIDString = D1BE514E2175BFC400A8830F;
			remoteInfo = ExampleTask;
		};
		D1BE516F2175BFC600A8830F /* PBXContainerItemProxy */ = {
			isa = PBXContainerItemProxy;
			containerPortal = D1BE51472175BFC400A8830F /* Project object */;
			proxyType = 1;
			remoteGlobalIDString = D1BE514E2175BFC400A8830F;
			remoteInfo = ExampleTask;
		};
/* End PBXContainerItemProxy section */

/* Begin PBXFileReference section */
		D1BE514F2175BFC400A8830F /* ExampleTask.app */ = {isa = PBXFileReference; explicitFileType = wrapper.application; includeInIndex = 0; path = ExampleTask.app; sourceTree = BUILT_PRODUCTS_DIR; };
		D1BE51522175BFC400A8830F /* AppDelegate.swift */ = {isa = PBXFileReference; lastKnownFileType = sourcecode.swift; path = AppDelegate.swift; sourceTree = "<group>"; };
		D1BE51542175BFC400A8830F /* ViewController.swift */ = {isa = PBXFileReference; lastKnownFileType = sourcecode.swift; path = ViewController.swift; sourceTree = "<group>"; };
		D1BE51572175BFC400A8830F /* Base */ = {isa = PBXFileReference; lastKnownFileType = file.storyboard; name = Base; path = Base.lproj/Main.storyboard; sourceTree = "<group>"; };
		D1BE51592175BFC600A8830F /* Assets.xcassets */ = {isa = PBXFileReference; lastKnownFileType = folder.assetcatalog; path = Assets.xcassets; sourceTree = "<group>"; };
		D1BE515C2175BFC600A8830F /* Base */ = {isa = PBXFileReference; lastKnownFileType = file.storyboard; name = Base; path = Base.lproj/LaunchScreen.storyboard; sourceTree = "<group>"; };
		D1BE515E2175BFC600A8830F /* Info.plist */ = {isa = PBXFileReference; lastKnownFileType = text.plist.xml; path = Info.plist; sourceTree = "<group>"; };
		D1BE51632175BFC600A8830F /* ExampleTaskTests.xctest */ = {isa = PBXFileReference; explicitFileType = wrapper.cfbundle; includeInIndex = 0; path = ExampleTaskTests.xctest; sourceTree = BUILT_PRODUCTS_DIR; };
		D1BE51672175BFC600A8830F /* ExampleTaskTests.swift */ = {isa = PBXFileReference; lastKnownFileType = sourcecode.swift; path = ExampleTaskTests.swift; sourceTree = "<group>"; };
		D1BE51692175BFC600A8830F /* Info.plist */ = {isa = PBXFileReference; lastKnownFileType = text.plist.xml; path = Info.plist; sourceTree = "<group>"; };
		D1BE516E2175BFC600A8830F /* ExampleTaskUITests.xctest */ = {isa = PBXFileReference; explicitFileType = wrapper.cfbundle; includeInIndex = 0; path = ExampleTaskUITests.xctest; sourceTree = BUILT_PRODUCTS_DIR; };
		D1BE51722175BFC600A8830F /* ExampleTaskUITests.swift */ = {isa = PBXFileReference; lastKnownFileType = sourcecode.swift; path = ExampleTaskUITests.swift; sourceTree = "<group>"; };
		D1BE51742175BFC600A8830F /* Info.plist */ = {isa = PBXFileReference; lastKnownFileType = text.plist.xml; path = Info.plist; sourceTree = "<group>"; };
/* End PBXFileReference section */

/* Begin PBXFrameworksBuildPhase section */
		D1BE514C2175BFC400A8830F /* Frameworks */ = {
			isa = PBXFrameworksBuildPhase;
			buildActionMask = 2147483647;
			files = (
			);
			runOnlyForDeploymentPostprocessing = 0;
		};
		D1BE51602175BFC600A8830F /* Frameworks */ = {
			isa = PBXFrameworksBuildPhase;
			buildActionMask = 2147483647;
			files = (
			);
			runOnlyForDeploymentPostprocessing = 0;
		};
		D1BE516B2175BFC600A8830F /* Frameworks */ = {
			isa = PBXFrameworksBuildPhase;
			buildActionMask = 2147483647;
			files = (
			);
			runOnlyForDeploymentPostprocessing = 0;
		};
/* End PBXFrameworksBuildPhase section */

/* Begin PBXGroup section */
		D1BE51462175BFC400A8830F = {
			isa = PBXGroup;
			children = (
				D1BE51512175BFC400A8830F /* ExampleTask */,
				D1BE51662175BFC600A8830F /* ExampleTaskTests */,
				D1BE51712175BFC600A8830F /* ExampleTaskUITests */,
				D1BE51502175BFC400A8830F /* Products */,
			);
			sourceTree = "<group>";
		};
		D1BE51502175BFC400A8830F /* Products */ = {
			isa = PBXGroup;
			children = (
				D1BE514F2175BFC400A8830F /* ExampleTask.app */,
				D1BE51632175BFC600A8830F /* ExampleTaskTests.xctest */,
				D1BE516E2175BFC600A8830F /* ExampleTaskUITests.xctest */,
			);
			name = Products;
			sourceTree = "<group>";
		};
		D1BE51512175BFC400A8830F /* ExampleTask */ = {
			isa = PBXGroup;
			children = (
				D1BE51522175BFC400A8830F /* AppDelegate.swift */,
				D1BE51542175BFC400A8830F /* ViewController.swift */,
				D1BE51562175BFC400A8830F /* Main.storyboard */,
				D1BE51592175BFC600A8830F /* Assets.xcassets */,
				D1BE515B2175BFC600A8830F /* LaunchScreen.storyboard */,
				D1BE515E2175BFC600A8830F /* Info.plist */,
			);
			path = ExampleTask;
			sourceTree = "<group>";
		};
		D1BE51662175BFC600A8830F /* ExampleTaskTests */ = {
			isa = PBXGroup;
			children = (
				D1BE51672175BFC600A8830F /* ExampleTaskTests.swift */,
				D1BE51692175BFC600A8830F /* Info.plist */,
			);
			path = ExampleTaskTests;
			sourceTree = "<group>";
		};
		D1BE51712175BFC600A8830F /* ExampleTaskUITests */ = {
			isa = PBXGroup;
			children = (
				D1BE51722175BFC600A8830F /* ExampleTaskUITests.swift */,
				D1BE51742175BFC600A8830F /* Info.plist */,
			);
			path = ExampleTaskUITests;
			sourceTree = "<group>";
		};
/* End PBXGroup section */

/* Begin PBXNativeTarget section */
		D1BE514E2175BFC400A8830F /* ExampleTask */ = {
			isa = PBXNativeTarget;
			buildConfigurationList = D1BE51772175BFC600A8830F /* Build configuration list for PBXNativeTarget "ExampleTask" */;
			buildPhases = (
				D1BE514B2175BFC400A8830F /* Sources */,
				D1BE514C2175BFC400A8830F /* Frameworks */,
				D1BE514D2175BFC400A8830F /* Resources */,
			);
			buildRules = (
			);
			dependencies = (
			);
			name = ExampleTask;
			productName = ExampleTask;
			productReference = D1BE514F2175BFC400A8830F /* ExampleTask.app */;
			productType = "com.apple.product-type.application";
		};
		D1BE51622175BFC600A8830F /* ExampleTaskTests */ = {
			isa = PBXNativeTarget;
			buildConfigurationList = D1BE517A2175BFC600A8830F /* Build configuration list for PBXNativeTarget "ExampleTaskTests" */;
			buildPhases = (
				D1BE515F2175BFC600A8830F /* Sources */,
				D1BE51602175BFC600A8830F /* Frameworks */,
				D1BE51612175BFC600A8830F /* Resources */,
			);
			buildRules = (
			);
			dependencies = (
				D1BE51652175BFC600A8830F /* PBXTargetDependency */,
			);
			name = ExampleTaskTests;
			productName = ExampleTaskTests;
			productReference = D1BE51632175BFC600A8830F /* ExampleTaskTests.xctest */;
			productType = "com.apple.product-type.bundle.unit-test";
		};
		D1BE516D2175BFC600A8830F /* ExampleTaskUITests */ = {
			isa = PBXNativeTarget;
			buildConfigurationList = D1BE517D2175BFC600A8830F /* Build configuration list for PBXNativeTarget "ExampleTaskUITests" */;
			buildPhases = (
				D1BE516A2175BFC600A8830F /* Sources */,
				D1BE516B2175BFC600A8830F /* Frameworks */,
				D1BE516C2175BFC600A8830F /* Resources */,
			);
			buildRules = (
			);
			dependencies = (
				D1BE51702175BFC600A8830F /* PBXTargetDependency */,
			);
			name = ExampleTaskUITests;
			productName = ExampleTaskUITests;
			productReference = D1BE516E2175BFC600A8830F /* ExampleTaskUITests.xctest */;
			productType = "com.apple.product-type.bundle.ui-testing";
		};
/* End PBXNativeTarget section */

/* Begin PBXProject section */
		D1BE51472175BFC400A8830F /* Project object */ = {
			isa = PBXProject;
			attributes = {
				LastSwiftUpdateCheck = 1000;
				LastUpgradeCheck = 1000;
				ORGANIZATIONNAME = Sagar;
				TargetAttributes = {
					D1BE514E2175BFC400A8830F = {
						CreatedOnToolsVersion = 10.0;
					};
					D1BE51622175BFC600A8830F = {
						CreatedOnToolsVersion = 10.0;
						TestTargetID = D1BE514E2175BFC400A8830F;
					};
					D1BE516D2175BFC600A8830F = {
						CreatedOnToolsVersion = 10.0;
						TestTargetID = D1BE514E2175BFC400A8830F;
					};
				};
			};
			buildConfigurationList = D1BE514A2175BFC400A8830F /* Build configuration list for PBXProject "ExampleTask" */;
			compatibilityVersion = "Xcode 9.3";
			developmentRegion = en;
			hasScannedForEncodings = 0;
			knownRegions = (
				en,
				Base,
			);
			mainGroup = D1BE51462175BFC400A8830F;
			productRefGroup = D1BE51502175BFC400A8830F /* Products */;
			projectDirPath = "";
			projectRoot = "";
			targets = (
				D1BE514E2175BFC400A8830F /* ExampleTask */,
				D1BE51622175BFC600A8830F /* ExampleTaskTests */,
				D1BE516D2175BFC600A8830F /* ExampleTaskUITests */,
			);
		};
/* End PBXProject section */

/* Begin PBXResourcesBuildPhase section */
		D1BE514D2175BFC400A8830F /* Resources */ = {
			isa = PBXResourcesBuildPhase;
			buildActionMask = 2147483647;
			files = (
				D1BE515D2175BFC600A8830F /* LaunchScreen.storyboard in Resources */,
				D1BE515A2175BFC600A8830F /* Assets.xcassets in Resources */,
				D1BE51582175BFC400A8830F /* Main.storyboard in Resources */,
			);
			runOnlyForDeploymentPostprocessing = 0;
		};
		D1BE51612175BFC600A8830F /* Resources */ = {
			isa = PBXResourcesBuildPhase;
			buildActionMask = 2147483647;
			files = (
			);
			runOnlyForDeploymentPostprocessing = 0;
		};
		D1BE516C2175BFC600A8830F /* Resources */ = {
			isa = PBXResourcesBuildPhase;
			buildActionMask = 2147483647;
			files = (
			);
			runOnlyForDeploymentPostprocessing = 0;
		};
/* End PBXResourcesBuildPhase section */

/* Begin PBXSourcesBuildPhase section */
		D1BE514B2175BFC400A8830F /* Sources */ = {
			isa = PBXSourcesBuildPhase;
			buildActionMask = 2147483647;
			files = (
				D1BE51552175BFC400A8830F /* ViewController.swift in Sources */,
				D1BE51532175BFC400A8830F /* AppDelegate.swift in Sources */,
			);
			runOnlyForDeploymentPostprocessing = 0;
		};
		D1BE515F2175BFC600A8830F /* Sources */ = {
			isa = PBXSourcesBuildPhase;
			buildActionMask = 2147483647;
			files = (
				D1BE51682175BFC600A8830F /* ExampleTaskTests.swift in Sources */,
			);
			runOnlyForDeploymentPostprocessing = 0;
		};
		D1BE516A2175BFC600A8830F /* Sources */ = {
			isa = PBXSourcesBuildPhase;
			buildActionMask = 2147483647;
			files = (
				D1BE51732175BFC600A8830F /* ExampleTaskUITests.swift in Sources */,
			);
			runOnlyForDeploymentPostprocessing = 0;
		};
/* End PBXSourcesBuildPhase section */

/* Begin PBXTargetDependency section */
		D1BE51652175BFC600A8830F /* PBXTargetDependency */ = {
			isa = PBXTargetDependency;
			target = D1BE514E2175BFC400A8830F /* ExampleTask */;
			targetProxy = D1BE51642175BFC600A8830F /* PBXContainerItemProxy */;
		};
		D1BE51702175BFC600A8830F /* PBXTargetDependency */ = {
			isa = PBXTargetDependency;
			target = D1BE514E2175BFC400A8830F /* ExampleTask */;
			targetProxy = D1BE516F2175BFC600A8830F /* PBXContainerItemProxy */;
		};
/* End PBXTargetDependency section */

/* Begin PBXVariantGroup section */
		D1BE51562175BFC400A8830F /* Main.storyboard */ = {
			isa = PBXVariantGroup;
			children = (
				D1BE51572175BFC400A8830F /* Base */,
			);
			name = Main.storyboard;
			sourceTree = "<group>";
		};
		D1BE515B2175BFC600A8830F /* LaunchScreen.storyboard */ = {
			isa = PBXVariantGroup;
			children = (
				D1BE515C2175BFC600A8830F /* Base */,
			);
			name = LaunchScreen.storyboard;
			sourceTree = "<group>";
		};
/* End PBXVariantGroup section */

/* Begin XCBuildConfiguration section */
		D1BE51752175BFC600A8830F /* Debug */ = {
			isa = XCBuildConfiguration;
			buildSettings = {
				ALWAYS_SEARCH_USER_PATHS = NO;
				CLANG_ANALYZER_NONNULL = YES;
				CLANG_ANALYZER_NUMBER_OBJECT_CONVERSION = YES_AGGRESSIVE;
				CLANG_CXX_LANGUAGE_STANDARD = "gnu++14";
				CLANG_CXX_LIBRARY = "libc++";
				CLANG_ENABLE_MODULES = YES;
				CLANG_ENABLE_OBJC_ARC = YES;
				CLANG_ENABLE_OBJC_WEAK = YES;
				CLANG_WARN_BLOCK_CAPTURE_AUTORELEASING = YES;
				CLANG_WARN_BOOL_CONVERSION = YES;
				CLANG_WARN_COMMA = YES;
				CLANG_WARN_CONSTANT_CONVERSION = YES;
				CLANG_WARN_DEPRECATED_OBJC_IMPLEMENTATIONS = YES;
				CLANG_WARN_DIRECT_OBJC_ISA_USAGE = YES_ERROR;
				CLANG_WARN_DOCUMENTATION_COMMENTS = YES;
				CLANG_WARN_EMPTY_BODY = YES;
				CLANG_WARN_ENUM_CONVERSION = YES;
				CLANG_WARN_INFINITE_RECURSION = YES;
				CLANG_WARN_INT_CONVERSION = YES;
				CLANG_WARN_NON_LITERAL_NULL_CONVERSION = YES;
				CLANG_WARN_OBJC_IMPLICIT_RETAIN_SELF = YES;
				CLANG_WARN_OBJC_LITERAL_CONVERSION = YES;
				CLANG_WARN_OBJC_ROOT_CLASS = YES_ERROR;
				CLANG_WARN_RANGE_LOOP_ANALYSIS = YES;
				CLANG_WARN_STRICT_PROTOTYPES = YES;
				CLANG_WARN_SUSPICIOUS_MOVE = YES;
				CLANG_WARN_UNGUARDED_AVAILABILITY = YES_AGGRESSIVE;
				CLANG_WARN_UNREACHABLE_CODE = YES;
				CLANG_WARN__DUPLICATE_METHOD_MATCH = YES;
				CODE_SIGN_IDENTITY = "iPhone Developer";
				COPY_PHASE_STRIP = NO;
				DEBUG_INFORMATION_FORMAT = dwarf;
				ENABLE_STRICT_OBJC_MSGSEND = YES;
				ENABLE_TESTABILITY = YES;
				GCC_C_LANGUAGE_STANDARD = gnu11;
				GCC_DYNAMIC_NO_PIC = NO;
				GCC_NO_COMMON_BLOCKS = YES;
				GCC_OPTIMIZATION_LEVEL = 0;
				GCC_PREPROCESSOR_DEFINITIONS = (
					"DEBUG=1",
					"$(inherited)",
				);
				GCC_WARN_64_TO_32_BIT_CONVERSION = YES;
				GCC_WARN_ABOUT_RETURN_TYPE = YES_ERROR;
				GCC_WARN_UNDECLARED_SELECTOR = YES;
				GCC_WARN_UNINITIALIZED_AUTOS = YES_AGGRESSIVE;
				GCC_WARN_UNUSED_FUNCTION = YES;
				GCC_WARN_UNUSED_VARIABLE = YES;
				IPHONEOS_DEPLOYMENT_TARGET = 12.0;
				MTL_ENABLE_DEBUG_INFO = INCLUDE_SOURCE;
				MTL_FAST_MATH = YES;
				ONLY_ACTIVE_ARCH = YES;
				SDKROOT = iphoneos;
				SWIFT_ACTIVE_COMPILATION_CONDITIONS = DEBUG;
				SWIFT_OPTIMIZATION_LEVEL = "-Onone";
			};
			name = Debug;
		};
		D1BE51762175BFC600A8830F /* Release */ = {
			isa = XCBuildConfiguration;
			buildSettings = {
				ALWAYS_SEARCH_USER_PATHS = NO;
				CLANG_ANALYZER_NONNULL = YES;
				CLANG_ANALYZER_NUMBER_OBJECT_CONVERSION = YES_AGGRESSIVE;
				CLANG_CXX_LANGUAGE_STANDARD = "gnu++14";
				CLANG_CXX_LIBRARY = "libc++";
				CLANG_ENABLE_MODULES = YES;
				CLANG_ENABLE_OBJC_ARC = YES;
				CLANG_ENABLE_OBJC_WEAK = YES;
				CLANG_WARN_BLOCK_CAPTURE_AUTORELEASING = YES;
				CLANG_WARN_BOOL_CONVERSION = YES;
				CLANG_WARN_COMMA = YES;
				CLANG_WARN_CONSTANT_CONVERSION = YES;
				CLANG_WARN_DEPRECATED_OBJC_IMPLEMENTATIONS = YES;
				CLANG_WARN_DIRECT_OBJC_ISA_USAGE = YES_ERROR;
				CLANG_WARN_DOCUMENTATION_COMMENTS = YES;
				CLANG_WARN_EMPTY_BODY = YES;
				CLANG_WARN_ENUM_CONVERSION = YES;
				CLANG_WARN_INFINITE_RECURSION = YES;
				CLANG_WARN_INT_CONVERSION = YES;
				CLANG_WARN_NON_LITERAL_NULL_CONVERSION = YES;
				CLANG_WARN_OBJC_IMPLICIT_RETAIN_SELF = YES;
				CLANG_WARN_OBJC_LITERAL_CONVERSION = YES;
				CLANG_WARN_OBJC_ROOT_CLASS = YES_ERROR;
				CLANG_WARN_RANGE_LOOP_ANALYSIS = YES;
				CLANG_WARN_STRICT_PROTOTYPES = YES;
				CLANG_WARN_SUSPICIOUS_MOVE = YES;
				CLANG_WARN_UNGUARDED_AVAILABILITY = YES_AGGRESSIVE;
				CLANG_WARN_UNREACHABLE_CODE = YES;
				CLANG_WARN__DUPLICATE_METHOD_MATCH = YES;
				CODE_SIGN_IDENTITY = "iPhone Developer";
				COPY_PHASE_STRIP = NO;
				DEBUG_INFORMATION_FORMAT = "dwarf-with-dsym";
				ENABLE_NS_ASSERTIONS = NO;
				ENABLE_STRICT_OBJC_MSGSEND = YES;
				GCC_C_LANGUAGE_STANDARD = gnu11;
				GCC_NO_COMMON_BLOCKS = YES;
				GCC_WARN_64_TO_32_BIT_CONVERSION = YES;
				GCC_WARN_ABOUT_RETURN_TYPE = YES_ERROR;
				GCC_WARN_UNDECLARED_SELECTOR = YES;
				GCC_WARN_UNINITIALIZED_AUTOS = YES_AGGRESSIVE;
				GCC_WARN_UNUSED_FUNCTION = YES;
				GCC_WARN_UNUSED_VARIABLE = YES;
				IPHONEOS_DEPLOYMENT_TARGET = 12.0;
				MTL_ENABLE_DEBUG_INFO = NO;
				MTL_FAST_MATH = YES;
				SDKROOT = iphoneos;
				SWIFT_COMPILATION_MODE = wholemodule;
				SWIFT_OPTIMIZATION_LEVEL = "-O";
				VALIDATE_PRODUCT = YES;
			};
			name = Release;
		};
		D1BE51782175BFC600A8830F /* Debug */ = {
			isa = XCBuildConfiguration;
			buildSettings = {
				ASSETCATALOG_COMPILER_APPICON_NAME = AppIcon;
				CODE_SIGN_STYLE = Automatic;
				INFOPLIST_FILE = ExampleTask/Info.plist;
				LD_RUNPATH_SEARCH_PATHS = (
					"$(inherited)",
					"@executable_path/Frameworks",
				);
				PRODUCT_BUNDLE_IDENTIFIER = BRNInfotech.ExampleTask;
				PRODUCT_NAME = "$(TARGET_NAME)";
				SWIFT_VERSION = 4.2;
				TARGETED_DEVICE_FAMILY = "1,2";
			};
			name = Debug;
		};
		D1BE51792175BFC600A8830F /* Release */ = {
			isa = XCBuildConfiguration;
			buildSettings = {
				ASSETCATALOG_COMPILER_APPICON_NAME = AppIcon;
				CODE_SIGN_STYLE = Automatic;
				INFOPLIST_FILE = ExampleTask/Info.plist;
				LD_RUNPATH_SEARCH_PATHS = (
					"$(inherited)",
					"@executable_path/Frameworks",
				);
				PRODUCT_BUNDLE_IDENTIFIER = BRNInfotech.ExampleTask;
				PRODUCT_NAME = "$(TARGET_NAME)";
				SWIFT_VERSION = 4.2;
				TARGETED_DEVICE_FAMILY = "1,2";
			};
			name = Release;
		};
		D1BE517B2175BFC600A8830F /* Debug */ = {
			isa = XCBuildConfiguration;
			buildSettings = {
				ALWAYS_EMBED_SWIFT_STANDARD_LIBRARIES = YES;
				BUNDLE_LOADER = "$(TEST_HOST)";
				CODE_SIGN_STYLE = Automatic;
				INFOPLIST_FILE = ExampleTaskTests/Info.plist;
				LD_RUNPATH_SEARCH_PATHS = (
					"$(inherited)",
					"@executable_path/Frameworks",
					"@loader_path/Frameworks",
				);
				PRODUCT_BUNDLE_IDENTIFIER = BRNInfotech.ExampleTaskTests;
				PRODUCT_NAME = "$(TARGET_NAME)";
				SWIFT_VERSION = 4.2;
				TARGETED_DEVICE_FAMILY = "1,2";
				TEST_HOST = "$(BUILT_PRODUCTS_DIR)/ExampleTask.app/ExampleTask";
			};
			name = Debug;
		};
		D1BE517C2175BFC600A8830F /* Release */ = {
			isa = XCBuildConfiguration;
			buildSettings = {
				ALWAYS_EMBED_SWIFT_STANDARD_LIBRARIES = YES;
				BUNDLE_LOADER = "$(TEST_HOST)";
				CODE_SIGN_STYLE = Automatic;
				INFOPLIST_FILE = ExampleTaskTests/Info.plist;
				LD_RUNPATH_SEARCH_PATHS = (
					"$(inherited)",
					"@executable_path/Frameworks",
					"@loader_path/Frameworks",
				);
				PRODUCT_BUNDLE_IDENTIFIER = BRNInfotech.ExampleTaskTests;
				PRODUCT_NAME = "$(TARGET_NAME)";
				SWIFT_VERSION = 4.2;
				TARGETED_DEVICE_FAMILY = "1,2";
				TEST_HOST = "$(BUILT_PRODUCTS_DIR)/ExampleTask.app/ExampleTask";
			};
			name = Release;
		};
		D1BE517E2175BFC600A8830F /* Debug */ = {
			isa = XCBuildConfiguration;
			buildSettings = {
				ALWAYS_EMBED_SWIFT_STANDARD_LIBRARIES = YES;
				CODE_SIGN_STYLE = Automatic;
				INFOPLIST_FILE = ExampleTaskUITests/Info.plist;
				LD_RUNPATH_SEARCH_PATHS = (
					"$(inherited)",
					"@executable_path/Frameworks",
					"@loader_path/Frameworks",
				);
				PRODUCT_BUNDLE_IDENTIFIER = BRNInfotech.ExampleTaskUITests;
				PRODUCT_NAME = "$(TARGET_NAME)";
				SWIFT_VERSION = 4.2;
				TARGETED_DEVICE_FAMILY = "1,2";
				TEST_TARGET_NAME = ExampleTask;
			};
			name = Debug;
		};
		D1BE517F2175BFC600A8830F /* Release */ = {
			isa = XCBuildConfiguration;
			buildSettings = {
				ALWAYS_EMBED_SWIFT_STANDARD_LIBRARIES = YES;
				CODE_SIGN_STYLE = Automatic;
				INFOPLIST_FILE = ExampleTaskUITests/Info.plist;
				LD_RUNPATH_SEARCH_PATHS = (
					"$(inherited)",
					"@executable_path/Frameworks",
					"@loader_path/Frameworks",
				);
				PRODUCT_BUNDLE_IDENTIFIER = BRNInfotech.ExampleTaskUITests;
				PRODUCT_NAME = "$(TARGET_NAME)";
				SWIFT_VERSION = 4.2;
				TARGETED_DEVICE_FAMILY = "1,2";
				TEST_TARGET_NAME = ExampleTask;
			};
			name = Release;
		};
/* End XCBuildConfiguration section */

/* Begin XCConfigurationList section */
		D1BE514A2175BFC400A8830F /* Build configuration list for PBXProject "ExampleTask" */ = {
			isa = XCConfigurationList;
			buildConfigurations = (
				D1BE51752175BFC600A8830F /* Debug */,
				D1BE51762175BFC600A8830F /* Release */,
			);
			defaultConfigurationIsVisible = 0;
			defaultConfigurationName = Release;
		};
		D1BE51772175BFC600A8830F /* Build configuration list for PBXNativeTarget "ExampleTask" */ = {
			isa = XCConfigurationList;
			buildConfigurations = (
				D1BE51782175BFC600A8830F /* Debug */,
				D1BE51792175BFC600A8830F /* Release */,
			);
			defaultConfigurationIsVisible = 0;
			defaultConfigurationName = Release;
		};
		D1BE517A2175BFC600A8830F /* Build configuration list for PBXNativeTarget "ExampleTaskTests" */ = {
			isa = XCConfigurationList;
			buildConfigurations = (
				D1BE517B2175BFC600A8830F /* Debug */,
				D1BE517C2175BFC600A8830F /* Release */,
			);
			defaultConfigurationIsVisible = 0;
			defaultConfigurationName = Release;
		};
		D1BE517D2175BFC600A8830F /* Build configuration list for PBXNativeTarget "ExampleTaskUITests" */ = {
			isa = XCConfigurationList;
			buildConfigurations = (
				D1BE517E2175BFC600A8830F /* Debug */,
				D1BE517F2175BFC600A8830F /* Release */,
			);
			defaultConfigurationIsVisible = 0;
			defaultConfigurationName = Release;
		};
/* End XCConfigurationList section */
	};
	rootObject = D1BE51472175BFC400A8830F /* Project object */;
}
